
Microsoft Visual Studio Solution File, Format Version 12.00
# Visual Studio 14
VisualStudioVersion = 14.0.25420.1
MinimumVisualStudioVersion = 10.0.40219.1
Project("{FAE04EC0-301F-11D3-BF4B-00C04F79EFBC}") = "DB Works", "DB Works\DB Works.csproj", "{2509F6BE-DB9E-444C-AC21-42C9718ECB7E}"
EndProject
Global
	GlobalSection(SolutionConfigurationPlatforms) = preSolution
		Debug|Any CPU = Debug|Any CPU
		Release|Any CPU = Release|Any CPU
	EndGlobalSection
	GlobalSection(ProjectConfigurationPlatforms) = postSolution
		{2509F6BE-DB9E-444C-AC21-42C9718ECB7E}.Debug|Any CPU.ActiveCfg = Debug|Any CPU
		{2509F6BE-DB9E-444C-AC21-42C9718ECB7E}.Debug|Any CPU.Build.0 = Debug|Any CPU
		{2509F6BE-DB9E-444C-AC21-42C9718ECB7E}.Release|Any CPU.ActiveCfg = Release|Any CPU
		{2509F6BE-DB9E-444C-AC21-42C9718ECB7E}.Release|Any CPU.Build.0 = Release|Any CPU
	EndGlobalSection
	GlobalSection(SolutionProperties) = preSolution
		HideSolutionNode = FALSE
	EndGlobalSection
EndGlobal
